
Microsoft Visual Studio Solution File, Format Version 12.00
# Visual Studio 14
VisualStudioVersion = 14.0.24720.0
MinimumVisualStudioVersion = 10.0.40219.1
Project("{FAE04EC0-301F-11D3-BF4B-00C04F79EFBC}") = "CodeFirstNewDatabaseSample", "CodeFirstNewDatabaseSample\CodeFirstNewDatabaseSample.csproj", "{45BB4369-687E-4CFA-837B-56F18DCF5559}"
EndProject
Global
	GlobalSection(SolutionConfigurationPlatforms) = preSolution
		Debug|Any CPU = Debug|Any CPU
		Release|Any CPU = Release|Any CPU
	EndGlobalSection
	GlobalSection(ProjectConfigurationPlatforms) = postSolution
		{45BB4369-687E-4CFA-837B-56F18DCF5559}.Debug|Any CPU.ActiveCfg = Debug|Any CPU
		{45BB4369-687E-4CFA-837B-56F18DCF5559}.Debug|Any CPU.Build.0 = Debug|Any CPU
		{45BB4369-687E-4CFA-837B-56F18DCF5559}.Release|Any CPU.ActiveCfg = Release|Any CPU
		{45BB4369-687E-4CFA-837B-56F18DCF5559}.Release|Any CPU.Build.0 = Release|Any CPU
	EndGlobalSection
	GlobalSection(SolutionProperties) = preSolution
		HideSolutionNode = FALSE
	EndGlobalSection
EndGlobal
