
Microsoft Visual Studio Solution File, Format Version 12.00
# Visual Studio 14
VisualStudioVersion = 14.0.24720.0
MinimumVisualStudioVersion = 10.0.40219.1
Project("{FAE04EC0-301F-11D3-BF4B-00C04F79EFBC}") = "HullSpeed2", "HullSpeed2\HullSpeed2.csproj", "{1BF203F0-9E80-49EB-9622-CAEB611FD16B}"
EndProject
Global
	GlobalSection(SolutionConfigurationPlatforms) = preSolution
		Debug|Any CPU = Debug|Any CPU
		Release|Any CPU = Release|Any CPU
	EndGlobalSection
	GlobalSection(ProjectConfigurationPlatforms) = postSolution
		{1BF203F0-9E80-49EB-9622-CAEB611FD16B}.Debug|Any CPU.ActiveCfg = Debug|Any CPU
		{1BF203F0-9E80-49EB-9622-CAEB611FD16B}.Debug|Any CPU.Build.0 = Debug|Any CPU
		{1BF203F0-9E80-49EB-9622-CAEB611FD16B}.Release|Any CPU.ActiveCfg = Release|Any CPU
		{1BF203F0-9E80-49EB-9622-CAEB611FD16B}.Release|Any CPU.Build.0 = Release|Any CPU
	EndGlobalSection
	GlobalSection(SolutionProperties) = preSolution
		HideSolutionNode = FALSE
	EndGlobalSection
EndGlobal
