
Microsoft Visual Studio Solution File, Format Version 12.00
# Visual Studio 14
VisualStudioVersion = 14.0.24720.0
MinimumVisualStudioVersion = 10.0.40219.1
Project("{FAE04EC0-301F-11D3-BF4B-00C04F79EFBC}") = "OO.Datastruktur", "OO.Datastruktur\OO.Datastruktur.csproj", "{BEA8B65B-C810-488A-A28D-AC0C6AA152A7}"
EndProject
Project("{FAE04EC0-301F-11D3-BF4B-00C04F79EFBC}") = "OODatastruktur.App", "OODatastruktur.App\OODatastruktur.App.csproj", "{8CC7B086-3F37-44E3-88D9-5B2E4912C6B0}"
EndProject
Global
	GlobalSection(SolutionConfigurationPlatforms) = preSolution
		Debug|Any CPU = Debug|Any CPU
		Release|Any CPU = Release|Any CPU
	EndGlobalSection
	GlobalSection(ProjectConfigurationPlatforms) = postSolution
		{BEA8B65B-C810-488A-A28D-AC0C6AA152A7}.Debug|Any CPU.ActiveCfg = Debug|Any CPU
		{BEA8B65B-C810-488A-A28D-AC0C6AA152A7}.Debug|Any CPU.Build.0 = Debug|Any CPU
		{BEA8B65B-C810-488A-A28D-AC0C6AA152A7}.Release|Any CPU.ActiveCfg = Release|Any CPU
		{BEA8B65B-C810-488A-A28D-AC0C6AA152A7}.Release|Any CPU.Build.0 = Release|Any CPU
		{8CC7B086-3F37-44E3-88D9-5B2E4912C6B0}.Debug|Any CPU.ActiveCfg = Debug|Any CPU
		{8CC7B086-3F37-44E3-88D9-5B2E4912C6B0}.Debug|Any CPU.Build.0 = Debug|Any CPU
		{8CC7B086-3F37-44E3-88D9-5B2E4912C6B0}.Release|Any CPU.ActiveCfg = Release|Any CPU
		{8CC7B086-3F37-44E3-88D9-5B2E4912C6B0}.Release|Any CPU.Build.0 = Release|Any CPU
	EndGlobalSection
	GlobalSection(SolutionProperties) = preSolution
		HideSolutionNode = FALSE
	EndGlobalSection
EndGlobal
