
Microsoft Visual Studio Solution File, Format Version 12.00
# Visual Studio 14
VisualStudioVersion = 14.0.25420.1
MinimumVisualStudioVersion = 10.0.40219.1
Project("{FAE04EC0-301F-11D3-BF4B-00C04F79EFBC}") = "vittigheder_web3", "vittigheder_web3\vittigheder_web3.csproj", "{7952A7D7-3B51-4151-90A1-81F7475BA0E5}"
EndProject
Global
	GlobalSection(SolutionConfigurationPlatforms) = preSolution
		Debug|Any CPU = Debug|Any CPU
		Release|Any CPU = Release|Any CPU
	EndGlobalSection
	GlobalSection(ProjectConfigurationPlatforms) = postSolution
		{7952A7D7-3B51-4151-90A1-81F7475BA0E5}.Debug|Any CPU.ActiveCfg = Debug|Any CPU
		{7952A7D7-3B51-4151-90A1-81F7475BA0E5}.Debug|Any CPU.Build.0 = Debug|Any CPU
		{7952A7D7-3B51-4151-90A1-81F7475BA0E5}.Release|Any CPU.ActiveCfg = Release|Any CPU
		{7952A7D7-3B51-4151-90A1-81F7475BA0E5}.Release|Any CPU.Build.0 = Release|Any CPU
	EndGlobalSection
	GlobalSection(SolutionProperties) = preSolution
		HideSolutionNode = FALSE
	EndGlobalSection
EndGlobal
